
Microsoft Visual Studio Solution File, Format Version 12.00
# Visual Studio Version 16
VisualStudioVersion = 16.0.30413.136
MinimumVisualStudioVersion = 10.0.40219.1
Project("{FAE04EC0-301F-11D3-BF4B-00C04F79EFBC}") = "Aquarium", "Aquarium\Aquarium.csproj", "{368E12AB-B008-499D-B325-45CCD37CAAE9}"
EndProject
Global
	GlobalSection(SolutionConfigurationPlatforms) = preSolution
		Debug|Any CPU = Debug|Any CPU
		Release|Any CPU = Release|Any CPU
	EndGlobalSection
	GlobalSection(ProjectConfigurationPlatforms) = postSolution
		{368E12AB-B008-499D-B325-45CCD37CAAE9}.Debug|Any CPU.ActiveCfg = Debug|Any CPU
		{368E12AB-B008-499D-B325-45CCD37CAAE9}.Debug|Any CPU.Build.0 = Debug|Any CPU
		{368E12AB-B008-499D-B325-45CCD37CAAE9}.Release|Any CPU.ActiveCfg = Release|Any CPU
		{368E12AB-B008-499D-B325-45CCD37CAAE9}.Release|Any CPU.Build.0 = Release|Any CPU
	EndGlobalSection
	GlobalSection(SolutionProperties) = preSolution
		HideSolutionNode = FALSE
	EndGlobalSection
	GlobalSection(ExtensibilityGlobals) = postSolution
		SolutionGuid = {21E75740-651F-466A-A15B-F63D43CEF639}
	EndGlobalSection
EndGlobal
