
Microsoft Visual Studio Solution File, Format Version 12.00
# Visual Studio Version 16
VisualStudioVersion = 16.0.30413.136
MinimumVisualStudioVersion = 10.0.40219.1
Project("{FAE04EC0-301F-11D3-BF4B-00C04F79EFBC}") = "ProjectBMI", "ProjectBMI\ProjectBMI.csproj", "{5712C987-CDA1-4EF1-80FB-DDA7CAFC161D}"
EndProject
Global
	GlobalSection(SolutionConfigurationPlatforms) = preSolution
		Debug|Any CPU = Debug|Any CPU
		Release|Any CPU = Release|Any CPU
	EndGlobalSection
	GlobalSection(ProjectConfigurationPlatforms) = postSolution
		{5712C987-CDA1-4EF1-80FB-DDA7CAFC161D}.Debug|Any CPU.ActiveCfg = Debug|Any CPU
		{5712C987-CDA1-4EF1-80FB-DDA7CAFC161D}.Debug|Any CPU.Build.0 = Debug|Any CPU
		{5712C987-CDA1-4EF1-80FB-DDA7CAFC161D}.Release|Any CPU.ActiveCfg = Release|Any CPU
		{5712C987-CDA1-4EF1-80FB-DDA7CAFC161D}.Release|Any CPU.Build.0 = Release|Any CPU
	EndGlobalSection
	GlobalSection(SolutionProperties) = preSolution
		HideSolutionNode = FALSE
	EndGlobalSection
	GlobalSection(ExtensibilityGlobals) = postSolution
		SolutionGuid = {CDFD2CDF-3D2A-4B47-90C7-A27465B245C9}
	EndGlobalSection
EndGlobal
