
Microsoft Visual Studio Solution File, Format Version 12.00
# Visual Studio Version 16
VisualStudioVersion = 16.0.30413.136
MinimumVisualStudioVersion = 10.0.40219.1
Project("{FAE04EC0-301F-11D3-BF4B-00C04F79EFBC}") = "Boss", "Boss\Boss.csproj", "{404DE8FE-0D66-4696-83AD-ABF81979DCDB}"
EndProject
Global
	GlobalSection(SolutionConfigurationPlatforms) = preSolution
		Debug|Any CPU = Debug|Any CPU
		Release|Any CPU = Release|Any CPU
	EndGlobalSection
	GlobalSection(ProjectConfigurationPlatforms) = postSolution
		{404DE8FE-0D66-4696-83AD-ABF81979DCDB}.Debug|Any CPU.ActiveCfg = Debug|Any CPU
		{404DE8FE-0D66-4696-83AD-ABF81979DCDB}.Debug|Any CPU.Build.0 = Debug|Any CPU
		{404DE8FE-0D66-4696-83AD-ABF81979DCDB}.Release|Any CPU.ActiveCfg = Release|Any CPU
		{404DE8FE-0D66-4696-83AD-ABF81979DCDB}.Release|Any CPU.Build.0 = Release|Any CPU
	EndGlobalSection
	GlobalSection(SolutionProperties) = preSolution
		HideSolutionNode = FALSE
	EndGlobalSection
	GlobalSection(ExtensibilityGlobals) = postSolution
		SolutionGuid = {C1E06B47-F085-4C9B-BA6C-D0D2695196CE}
	EndGlobalSection
EndGlobal
