
Microsoft Visual Studio Solution File, Format Version 12.00
# Visual Studio Version 16
VisualStudioVersion = 16.0.30413.136
MinimumVisualStudioVersion = 10.0.40219.1
Project("{FAE04EC0-301F-11D3-BF4B-00C04F79EFBC}") = "TestScoreProject", "TestScoreProject\TestScoreProject.csproj", "{6E72FBEE-EE17-4330-BBE0-D456C8175926}"
EndProject
Global
	GlobalSection(SolutionConfigurationPlatforms) = preSolution
		Debug|Any CPU = Debug|Any CPU
		Release|Any CPU = Release|Any CPU
	EndGlobalSection
	GlobalSection(ProjectConfigurationPlatforms) = postSolution
		{6E72FBEE-EE17-4330-BBE0-D456C8175926}.Debug|Any CPU.ActiveCfg = Debug|Any CPU
		{6E72FBEE-EE17-4330-BBE0-D456C8175926}.Debug|Any CPU.Build.0 = Debug|Any CPU
		{6E72FBEE-EE17-4330-BBE0-D456C8175926}.Release|Any CPU.ActiveCfg = Release|Any CPU
		{6E72FBEE-EE17-4330-BBE0-D456C8175926}.Release|Any CPU.Build.0 = Release|Any CPU
	EndGlobalSection
	GlobalSection(SolutionProperties) = preSolution
		HideSolutionNode = FALSE
	EndGlobalSection
	GlobalSection(ExtensibilityGlobals) = postSolution
		SolutionGuid = {28D321D0-6504-4A69-A6FD-705F59EC8420}
	EndGlobalSection
EndGlobal
