
Microsoft Visual Studio Solution File, Format Version 12.00
# Visual Studio Version 16
VisualStudioVersion = 16.0.30413.136
MinimumVisualStudioVersion = 10.0.40219.1
Project("{FAE04EC0-301F-11D3-BF4B-00C04F79EFBC}") = "FinalProject", "FinalProject\FinalProject.csproj", "{2874DCC3-F302-4FF5-A7FA-75089833E453}"
EndProject
Global
	GlobalSection(SolutionConfigurationPlatforms) = preSolution
		Debug|Any CPU = Debug|Any CPU
		Release|Any CPU = Release|Any CPU
	EndGlobalSection
	GlobalSection(ProjectConfigurationPlatforms) = postSolution
		{2874DCC3-F302-4FF5-A7FA-75089833E453}.Debug|Any CPU.ActiveCfg = Debug|Any CPU
		{2874DCC3-F302-4FF5-A7FA-75089833E453}.Debug|Any CPU.Build.0 = Debug|Any CPU
		{2874DCC3-F302-4FF5-A7FA-75089833E453}.Release|Any CPU.ActiveCfg = Release|Any CPU
		{2874DCC3-F302-4FF5-A7FA-75089833E453}.Release|Any CPU.Build.0 = Release|Any CPU
	EndGlobalSection
	GlobalSection(SolutionProperties) = preSolution
		HideSolutionNode = FALSE
	EndGlobalSection
	GlobalSection(ExtensibilityGlobals) = postSolution
		SolutionGuid = {8112E009-CFAF-4C12-AD9B-2EE826372D65}
	EndGlobalSection
EndGlobal
